<?xml version="1.0" encoding="utf-8"?>
<Project ToolsVersion="4.0" xmlns="http://schemas.microsoft.com/developer/msbuild/2003">
  <ItemGroup>
    <Filter Include="volk">
      <UniqueIdentifier>{ce2ea799-4c5f-420b-a908-47b6397f3393}</UniqueIdentifier>
    </Filter>
    <Filter Include="vkr">
      <UniqueIdentifier>{16161690-f736-4fee-93df-403493fa8282}</UniqueIdentifier>
    </Filter>
    <Filter Include="shaders">
      <UniqueIdentifier>{57ff3419-90b9-491e-ac92-e39cef314a66}</UniqueIdentifier>
    </Filter>
  </ItemGroup>
  <ItemGroup>
    <ClInclude Include="vkr\device.h">
      <Filter>vkr</Filter>
    </ClInclude>
    <ClInclude Include="vkr\swapchain.h">
      <Filter>vkr</Filter>
    </ClInclude>
    <ClInclude Include="vkr\utils.h">
      <Filter>vkr</Filter>
    </ClInclude>
    <ClInclude Include="vkr\camera.h">
      <Filter>vkr</Filter>
    </ClInclude>
    <ClInclude Include="vkr\model.h">
      <Filter>vkr</Filter>
    </ClInclude>
    <ClInclude Include="vkr\buffer.h">
      <Filter>vkr</Filter>
    </ClInclude>
    <ClInclude Include="vkr\app.h">
      <Filter>vkr</Filter>
    </ClInclude>
    <ClInclude Include="vkr\shaders.h">
      <Filter>vkr</Filter>
    </ClInclude>
  </ItemGroup>
  <ItemGroup>
    <ClCompile Include="..\extern\volk\volk.c">
      <Filter>volk</Filter>
    </ClCompile>
    <ClCompile Include="main.cpp" />
  </ItemGroup>
  <ItemGroup>
    <None Include="..\data\shaders\simple.frag">
      <Filter>shaders</Filter>
    </None>
    <None Include="..\data\shaders\simple.vert">
      <Filter>shaders</Filter>
    </None>
    <None Include="..\data\shaders\glft.frag">
      <Filter>shaders</Filter>
    </None>
    <None Include="..\data\shaders\glft.vert">
      <Filter>shaders</Filter>
    </None>
  </ItemGroup>
</Project>